
Microsoft Visual Studio Solution File, Format Version 12.00
# Visual Studio Version 17
VisualStudioVersion = 17.7.34221.43
MinimumVisualStudioVersion = 10.0.40219.1
Project("{FAE04EC0-301F-11D3-BF4B-00C04F79EFBC}") = "calculator", "calculator\calculator.csproj", "{36F09270-2F21-437F-A8F0-5B2107AD1AA7}"
EndProject
Global
	GlobalSection(SolutionConfigurationPlatforms) = preSolution
		Debug|Any CPU = Debug|Any CPU
		Release|Any CPU = Release|Any CPU
	EndGlobalSection
	GlobalSection(ProjectConfigurationPlatforms) = postSolution
		{36F09270-2F21-437F-A8F0-5B2107AD1AA7}.Debug|Any CPU.ActiveCfg = Debug|Any CPU
		{36F09270-2F21-437F-A8F0-5B2107AD1AA7}.Debug|Any CPU.Build.0 = Debug|Any CPU
		{36F09270-2F21-437F-A8F0-5B2107AD1AA7}.Release|Any CPU.ActiveCfg = Release|Any CPU
		{36F09270-2F21-437F-A8F0-5B2107AD1AA7}.Release|Any CPU.Build.0 = Release|Any CPU
	EndGlobalSection
	GlobalSection(SolutionProperties) = preSolution
		HideSolutionNode = FALSE
	EndGlobalSection
	GlobalSection(ExtensibilityGlobals) = postSolution
		SolutionGuid = {E8496514-7B6E-4227-95DD-7E6F6F0671A4}
	EndGlobalSection
EndGlobal
